
Microsoft Visual Studio Solution File, Format Version 12.00
# Visual Studio 15
VisualStudioVersion = 15.0.27130.2036
MinimumVisualStudioVersion = 10.0.40219.1
Project("{FAE04EC0-301F-11D3-BF4B-00C04F79EFBC}") = "Tillgangar", "Tillgangar\Tillgangar.csproj", "{98B81E2F-545B-4421-927E-9213C8620D72}"
EndProject
Global
	GlobalSection(SolutionConfigurationPlatforms) = preSolution
		Debug|Any CPU = Debug|Any CPU
		Release|Any CPU = Release|Any CPU
	EndGlobalSection
	GlobalSection(ProjectConfigurationPlatforms) = postSolution
		{98B81E2F-545B-4421-927E-9213C8620D72}.Debug|Any CPU.ActiveCfg = Debug|Any CPU
		{98B81E2F-545B-4421-927E-9213C8620D72}.Debug|Any CPU.Build.0 = Debug|Any CPU
		{98B81E2F-545B-4421-927E-9213C8620D72}.Release|Any CPU.ActiveCfg = Release|Any CPU
		{98B81E2F-545B-4421-927E-9213C8620D72}.Release|Any CPU.Build.0 = Release|Any CPU
	EndGlobalSection
	GlobalSection(SolutionProperties) = preSolution
		HideSolutionNode = FALSE
	EndGlobalSection
	GlobalSection(ExtensibilityGlobals) = postSolution
		SolutionGuid = {0DD2C450-07D6-4186-84B8-70370EC303D6}
	EndGlobalSection
EndGlobal
